// !$*UTF8*$!
{
	archiveVersion = 1;
	classes = {
	};
	objectVersion = 77;
	objects = {

/* Begin PBXBuildFile section */
		308B487BB8F1D8CA5D92B841 /* RetryUtility.swift in Sources */ = {isa = PBXBuildFile; fileRef = 000A40F3B2FF73139252E427 /* RetryUtility.swift */; };
		B38E4D52A8EA0635B03CC47E /* RetryPolicy.swift in Sources */ = {isa = PBXBuildFile; fileRef = 8DC843BFBA3C48ABA3356DFE /* RetryPolicy.swift */; };
		24F07C4387334D249A64BC17 /* RetryPolicyTests.swift in Sources */ = {isa = PBXBuildFile; fileRef = A53C5115A660404488F53B7D /* RetryPolicyTests.swift */; };
		6328F8B12FE9463E84120149 /* RetryUtilityTests.swift in Sources */ = {isa = PBXBuildFile; fileRef = E8CCEC533C774466B1780C11 /* RetryUtilityTests.swift */; };
		E7B760815D8E475497471E4D /* PaginationTests.swift in Sources */ = {isa = PBXBuildFile; fileRef = 9353675B398E4B2A82762DAC /* PaginationTests.swift */; };
		7CB460E2719546A1A0B699A6 /* ConcurrencyTests.swift in Sources */ = {isa = PBXBuildFile; fileRef = FD3BA3A3B17C45F8AA5618BC /* ConcurrencyTests.swift */; };
		9B29FEE2132C4D438FECC744 /* NetworkingEdgeCasesTests.swift in Sources */ = {isa = PBXBuildFile; fileRef = 69053CDEA69C47D79CFC4118 /* NetworkingEdgeCasesTests.swift */; };
		4DC9463D35C9449C82494705 /* ViewModelEdgeCasesTests.swift in Sources */ = {isa = PBXBuildFile; fileRef = 4442FC3915084FEFBDA3B7E3 /* ViewModelEdgeCasesTests.swift */; };
		DFCF7C540972409BB84D5DBC /* TokenExpirationTests.swift in Sources */ = {isa = PBXBuildFile; fileRef = 9D79C8FC048E4F8D88F09330 /* TokenExpirationTests.swift */; };
		9353675B398E4B2A82762DAC /* PaginationTests.swift */ = {isa = PBXFileReference; lastKnownFileType = sourcecode.swift; path = PaginationTests.swift; sourceTree = "<group>"; };
		FD3BA3A3B17C45F8AA5618BC /* ConcurrencyTests.swift */ = {isa = PBXFileReference; lastKnownFileType = sourcecode.swift; path = ConcurrencyTests.swift; sourceTree = "<group>"; };
		69053CDEA69C47D79CFC4118 /* NetworkingEdgeCasesTests.swift */ = {isa = PBXFileReference; lastKnownFileType = sourcecode.swift; path = NetworkingEdgeCasesTests.swift; sourceTree = "<group>"; };
		4442FC3915084FEFBDA3B7E3 /* ViewModelEdgeCasesTests.swift */ = {isa = PBXFileReference; lastKnownFileType = sourcecode.swift; path = ViewModelEdgeCasesTests.swift; sourceTree = "<group>"; };
		9D79C8FC048E4F8D88F09330 /* TokenExpirationTests.swift */ = {isa = PBXFileReference; lastKnownFileType = sourcecode.swift; path = TokenExpirationTests.swift; sourceTree = "<group>"; };
		3F54EDFE77FB042E0C1252D6 /* RetryIntegrationTests.swift in Sources */ = {isa = PBXBuildFile; fileRef = B243820AFC2F0C24C121420D /* RetryIntegrationTests.swift */; };
/* End PBXBuildFile section */

/* Begin PBXContainerItemProxy section */
		4A8BB22E2F2DDF2E00DD2A08 /* PBXContainerItemProxy */ = {
			isa = PBXContainerItemProxy;
			containerPortal = 4A8BB2132F2DDF2C00DD2A08 /* Project object */;
			proxyType = 1;
			remoteGlobalIDString = 4A8BB21A2F2DDF2C00DD2A08;
			remoteInfo = AnonymousWallIos;
		};
		4A8BB2382F2DDF2E00DD2A08 /* PBXContainerItemProxy */ = {
			isa = PBXContainerItemProxy;
			containerPortal = 4A8BB2132F2DDF2C00DD2A08 /* Project object */;
			proxyType = 1;
			remoteGlobalIDString = 4A8BB21A2F2DDF2C00DD2A08;
			remoteInfo = AnonymousWallIos;
		};
/* End PBXContainerItemProxy section */

/* Begin PBXFileReference section */
		000A40F3B2FF73139252E427 /* RetryUtility.swift */ = {isa = PBXFileReference; lastKnownFileType = sourcecode.swift; name = RetryUtility.swift; path = AnonymousWallIos/Networking/RetryUtility.swift; sourceTree = SOURCE_ROOT; };
		0356EC3A0E454FCCAEED4B15 /* UserService.swift */ = {isa = PBXFileReference; lastKnownFileType = sourcecode.swift; path = UserService.swift; sourceTree = "<group>"; };
		0476EB80E1BE4AD9B33DB61D /* SetPasswordView.swift */ = {isa = PBXFileReference; lastKnownFileType = sourcecode.swift; path = SetPasswordView.swift; sourceTree = "<group>"; };
		06BB00DF1C1E46A296BD60C1 /* MarketView.swift */ = {isa = PBXFileReference; lastKnownFileType = sourcecode.swift; path = MarketView.swift; sourceTree = "<group>"; };
		06CD3270308F4C1997CE254B /* CreatePostView.swift */ = {isa = PBXFileReference; lastKnownFileType = sourcecode.swift; path = CreatePostView.swift; sourceTree = "<group>"; };
		0B1EC382A6854A589AEADF7E /* AuthState.swift */ = {isa = PBXFileReference; lastKnownFileType = sourcecode.swift; path = AuthState.swift; sourceTree = "<group>"; };
		10411F1757944F6BAEAC177F /* Post.swift */ = {isa = PBXFileReference; lastKnownFileType = sourcecode.swift; path = Post.swift; sourceTree = "<group>"; };
		142235876D914D76AD1C4967 /* CampusView.swift */ = {isa = PBXFileReference; lastKnownFileType = sourcecode.swift; path = CampusView.swift; sourceTree = "<group>"; };
		1FA61319FC3D4DDFB8895C54 /* HomeView.swift */ = {isa = PBXFileReference; lastKnownFileType = sourcecode.swift; path = HomeView.swift; sourceTree = "<group>"; };
		26B4614742DE4B053DAB735F /* PostDetailView.swift */ = {isa = PBXFileReference; lastKnownFileType = sourcecode.swift; path = PostDetailView.swift; sourceTree = "<group>"; };
		2C273AE2E8CA4C2CBD41C5DA /* KeychainHelper.swift */ = {isa = PBXFileReference; lastKnownFileType = sourcecode.swift; path = KeychainHelper.swift; sourceTree = "<group>"; };
		34AEA25B259744AE8ABF3D60 /* InternshipView.swift */ = {isa = PBXFileReference; lastKnownFileType = sourcecode.swift; path = InternshipView.swift; sourceTree = "<group>"; };
		3F403B0F832D86C891753382 /* DateFormatting.swift */ = {isa = PBXFileReference; lastKnownFileType = sourcecode.swift; path = DateFormatting.swift; sourceTree = "<group>"; };
		407A29D40FC7471CA4C04A33 /* AuthenticationView.swift */ = {isa = PBXFileReference; lastKnownFileType = sourcecode.swift; path = AuthenticationView.swift; sourceTree = "<group>"; };
		4A8BB21B2F2DDF2C00DD2A08 /* AnonymousWallIos.app */ = {isa = PBXFileReference; explicitFileType = wrapper.application; includeInIndex = 0; path = AnonymousWallIos.app; sourceTree = BUILT_PRODUCTS_DIR; };
		4A8BB22D2F2DDF2E00DD2A08 /* AnonymousWallIosTests.xctest */ = {isa = PBXFileReference; explicitFileType = wrapper.cfbundle; includeInIndex = 0; path = AnonymousWallIosTests.xctest; sourceTree = BUILT_PRODUCTS_DIR; };
		4A8BB2372F2DDF2E00DD2A08 /* AnonymousWallIosUITests.xctest */ = {isa = PBXFileReference; explicitFileType = wrapper.cfbundle; includeInIndex = 0; path = AnonymousWallIosUITests.xctest; sourceTree = BUILT_PRODUCTS_DIR; };
		4C5CB64D3ED4483D884F292D /* RegistrationView.swift */ = {isa = PBXFileReference; lastKnownFileType = sourcecode.swift; path = RegistrationView.swift; sourceTree = "<group>"; };
		4E8A761255D74ECF80639568 /* CreatePostTabView.swift */ = {isa = PBXFileReference; lastKnownFileType = sourcecode.swift; path = CreatePostTabView.swift; sourceTree = "<group>"; };
		53502B71F93F40C080F637E7 /* User.swift */ = {isa = PBXFileReference; lastKnownFileType = sourcecode.swift; path = User.swift; sourceTree = "<group>"; };
		548A2654C11949D78138D48A /* ForgotPasswordView.swift */ = {isa = PBXFileReference; lastKnownFileType = sourcecode.swift; path = ForgotPasswordView.swift; sourceTree = "<group>"; };
		5A698F294B7A4212B82A3C8B /* ChangePasswordView.swift */ = {isa = PBXFileReference; lastKnownFileType = sourcecode.swift; path = ChangePasswordView.swift; sourceTree = "<group>"; };
		5CA4C2AA1C0C409E973B45FD /* ProfileView.swift */ = {isa = PBXFileReference; lastKnownFileType = sourcecode.swift; path = ProfileView.swift; sourceTree = "<group>"; };
		70A75B17C3134F13A1563A70 /* PostRowView.swift */ = {isa = PBXFileReference; lastKnownFileType = sourcecode.swift; path = PostRowView.swift; sourceTree = "<group>"; };
		8DC843BFBA3C48ABA3356DFE /* RetryPolicy.swift */ = {isa = PBXFileReference; lastKnownFileType = sourcecode.swift; name = RetryPolicy.swift; path = AnonymousWallIos/Networking/RetryPolicy.swift; sourceTree = SOURCE_ROOT; };
		936FBA85EFB7463A96960DD8 /* MockUserService.swift */ = {isa = PBXFileReference; lastKnownFileType = sourcecode.swift; path = MockUserService.swift; sourceTree = "<group>"; };
		A7330F54BC6A4717B2F7BF5F /* UserServiceProtocol.swift */ = {isa = PBXFileReference; lastKnownFileType = sourcecode.swift; path = UserServiceProtocol.swift; sourceTree = "<group>"; };
		CE5E491052D542828CE9DEB8 /* LoginView.swift */ = {isa = PBXFileReference; lastKnownFileType = sourcecode.swift; path = LoginView.swift; sourceTree = "<group>"; };
		D6119483DD8F4807AAD99A04 /* PostService.swift */ = {isa = PBXFileReference; lastKnownFileType = sourcecode.swift; path = PostService.swift; sourceTree = "<group>"; };
		EC0757A70238462CBAA0B0F4 /* ValidationUtils.swift */ = {isa = PBXFileReference; lastKnownFileType = sourcecode.swift; path = ValidationUtils.swift; sourceTree = "<group>"; };
		ECE140B1CD5849C4991B2C15 /* PostEnums.swift */ = {isa = PBXFileReference; lastKnownFileType = sourcecode.swift; path = PostEnums.swift; sourceTree = "<group>"; };
		F0D3BB04711740B68D19221B /* AuthService.swift */ = {isa = PBXFileReference; lastKnownFileType = sourcecode.swift; path = AuthService.swift; sourceTree = "<group>"; };
		F445C7AB8ECE4A22AF765BA0 /* WallView.swift */ = {isa = PBXFileReference; lastKnownFileType = sourcecode.swift; path = WallView.swift; sourceTree = "<group>"; };
		F90996A7F598455F8C16EB97 /* TabBarView.swift */ = {isa = PBXFileReference; lastKnownFileType = sourcecode.swift; path = TabBarView.swift; sourceTree = "<group>"; };
		A53C5115A660404488F53B7D /* RetryPolicyTests.swift */ = {isa = PBXFileReference; lastKnownFileType = sourcecode.swift; path = RetryPolicyTests.swift; sourceTree = "<group>"; };
		E8CCEC533C774466B1780C11 /* RetryUtilityTests.swift */ = {isa = PBXFileReference; lastKnownFileType = sourcecode.swift; path = RetryUtilityTests.swift; sourceTree = "<group>"; };
		B243820AFC2F0C24C121420D /* RetryIntegrationTests.swift */ = {isa = PBXFileReference; lastKnownFileType = sourcecode.swift; path = RetryIntegrationTests.swift; sourceTree = "<group>"; };
/* End PBXFileReference section */

/* Begin PBXFileSystemSynchronizedRootGroup section */
		4A8BB21D2F2DDF2C00DD2A08 /* AnonymousWallIos */ = {isa = PBXFileSystemSynchronizedRootGroup; path = AnonymousWallIos; sourceTree = "<group>"; };
		4A8BB2302F2DDF2E00DD2A08 /* AnonymousWallIosTests */ = {isa = PBXFileSystemSynchronizedRootGroup; path = AnonymousWallIosTests; sourceTree = "<group>"; };
		4A8BB23A2F2DDF2E00DD2A08 /* AnonymousWallIosUITests */ = {isa = PBXFileSystemSynchronizedRootGroup; path = AnonymousWallIosUITests; sourceTree = "<group>"; };
/* End PBXFileSystemSynchronizedRootGroup section */

/* Begin PBXFrameworksBuildPhase section */
		4A8BB2182F2DDF2C00DD2A08 /* Frameworks */ = {
			isa = PBXFrameworksBuildPhase;
			buildActionMask = 2147483647;
			files = (
			);
			runOnlyForDeploymentPostprocessing = 0;
		};
		4A8BB22A2F2DDF2E00DD2A08 /* Frameworks */ = {
			isa = PBXFrameworksBuildPhase;
			buildActionMask = 2147483647;
			files = (
			);
			runOnlyForDeploymentPostprocessing = 0;
		};
		4A8BB2342F2DDF2E00DD2A08 /* Frameworks */ = {
			isa = PBXFrameworksBuildPhase;
			buildActionMask = 2147483647;
			files = (
			);
			runOnlyForDeploymentPostprocessing = 0;
		};
/* End PBXFrameworksBuildPhase section */

/* Begin PBXGroup section */
		0C65163EFC8C40AD932970F6 /* Utils */ = {
			isa = PBXGroup;
			children = (
				EC0757A70238462CBAA0B0F4 /* ValidationUtils.swift */,
				3F403B0F832D86C891753382 /* DateFormatting.swift */,
				2C273AE2E8CA4C2CBD41C5DA /* KeychainHelper.swift */,
			);
			path = Utils;
			sourceTree = "<group>";
		};
		480D1670A25644F4842C2A11 /* Services */ = {
			isa = PBXGroup;
			children = (
				F0D3BB04711740B68D19221B /* AuthService.swift */,
				D6119483DD8F4807AAD99A04 /* PostService.swift */,
			);
			path = Services;
			sourceTree = "<group>";
		};
		4A8BB2122F2DDF2C00DD2A08 = {
			isa = PBXGroup;
			children = (
				4A8BB21D2F2DDF2C00DD2A08 /* AnonymousWallIos */,
				4A8BB2302F2DDF2E00DD2A08 /* AnonymousWallIosTests */,
				4A8BB23A2F2DDF2E00DD2A08 /* AnonymousWallIosUITests */,
				4A8BB21C2F2DDF2C00DD2A08 /* Products */,
				8DC843BFBA3C48ABA3356DFE /* RetryPolicy.swift */,
				000A40F3B2FF73139252E427 /* RetryUtility.swift */,
			);
			sourceTree = "<group>";
		};
		4A8BB21C2F2DDF2C00DD2A08 /* Products */ = {
			isa = PBXGroup;
			children = (
				4A8BB21B2F2DDF2C00DD2A08 /* AnonymousWallIos.app */,
				4A8BB22D2F2DDF2E00DD2A08 /* AnonymousWallIosTests.xctest */,
				4A8BB2372F2DDF2E00DD2A08 /* AnonymousWallIosUITests.xctest */,
			);
			name = Products;
			sourceTree = "<group>";
		};
		594F5A7E8B3C45808AD969ED /* Models */ = {
			isa = PBXGroup;
			children = (
				53502B71F93F40C080F637E7 /* User.swift */,
				0B1EC382A6854A589AEADF7E /* AuthState.swift */,
				10411F1757944F6BAEAC177F /* Post.swift */,
				ECE140B1CD5849C4991B2C15 /* PostEnums.swift */,
			);
			path = Models;
			sourceTree = "<group>";
		};
		73B8546AA06B464790E20F59 /* Views */ = {
			isa = PBXGroup;
			children = (
				407A29D40FC7471CA4C04A33 /* AuthenticationView.swift */,
				4C5CB64D3ED4483D884F292D /* RegistrationView.swift */,
				CE5E491052D542828CE9DEB8 /* LoginView.swift */,
				F445C7AB8ECE4A22AF765BA0 /* WallView.swift */,
				0476EB80E1BE4AD9B33DB61D /* SetPasswordView.swift */,
				548A2654C11949D78138D48A /* ForgotPasswordView.swift */,
				5A698F294B7A4212B82A3C8B /* ChangePasswordView.swift */,
				06CD3270308F4C1997CE254B /* CreatePostView.swift */,
				70A75B17C3134F13A1563A70 /* PostRowView.swift */,
				26B4614742DE4B053DAB735F /* PostDetailView.swift */,
				F90996A7F598455F8C16EB97 /* TabBarView.swift */,
				1FA61319FC3D4DDFB8895C54 /* HomeView.swift */,
				142235876D914D76AD1C4967 /* CampusView.swift */,
				34AEA25B259744AE8ABF3D60 /* InternshipView.swift */,
				06BB00DF1C1E46A296BD60C1 /* MarketView.swift */,
				4E8A761255D74ECF80639568 /* CreatePostTabView.swift */,
				5CA4C2AA1C0C409E973B45FD /* ProfileView.swift */,
				36F69F587A4E476BB5394A3F,
			);
			path = Views;
			sourceTree = "<group>";
		};
/* End PBXGroup section */

/* Begin PBXNativeTarget section */
		4A8BB21A2F2DDF2C00DD2A08 /* AnonymousWallIos */ = {
			isa = PBXNativeTarget;
			buildConfigurationList = 4A8BB2412F2DDF2E00DD2A08 /* Build configuration list for PBXNativeTarget "AnonymousWallIos" */;
			buildPhases = (
				4A8BB2172F2DDF2C00DD2A08 /* Sources */,
				4A8BB2182F2DDF2C00DD2A08 /* Frameworks */,
				4A8BB2192F2DDF2C00DD2A08 /* Resources */,
			);
			buildRules = (
			);
			dependencies = (
			);
			fileSystemSynchronizedGroups = (
				4A8BB21D2F2DDF2C00DD2A08 /* AnonymousWallIos */,
			);
			name = AnonymousWallIos;
			packageProductDependencies = (
			);
			productName = AnonymousWallIos;
			productReference = 4A8BB21B2F2DDF2C00DD2A08 /* AnonymousWallIos.app */;
			productType = "com.apple.product-type.application";
		};
		4A8BB22C2F2DDF2E00DD2A08 /* AnonymousWallIosTests */ = {
			isa = PBXNativeTarget;
			buildConfigurationList = 4A8BB2442F2DDF2E00DD2A08 /* Build configuration list for PBXNativeTarget "AnonymousWallIosTests" */;
			buildPhases = (
				4A8BB2292F2DDF2E00DD2A08 /* Sources */,
				4A8BB22A2F2DDF2E00DD2A08 /* Frameworks */,
				4A8BB22B2F2DDF2E00DD2A08 /* Resources */,
			);
			buildRules = (
			);
			dependencies = (
				4A8BB22F2F2DDF2E00DD2A08 /* PBXTargetDependency */,
			);
			fileSystemSynchronizedGroups = (
				4A8BB2302F2DDF2E00DD2A08 /* AnonymousWallIosTests */,
			);
			name = AnonymousWallIosTests;
			packageProductDependencies = (
			);
			productName = AnonymousWallIosTests;
			productReference = 4A8BB22D2F2DDF2E00DD2A08 /* AnonymousWallIosTests.xctest */;
			productType = "com.apple.product-type.bundle.unit-test";
		};
		4A8BB2362F2DDF2E00DD2A08 /* AnonymousWallIosUITests */ = {
			isa = PBXNativeTarget;
			buildConfigurationList = 4A8BB2472F2DDF2E00DD2A08 /* Build configuration list for PBXNativeTarget "AnonymousWallIosUITests" */;
			buildPhases = (
				4A8BB2332F2DDF2E00DD2A08 /* Sources */,
				4A8BB2342F2DDF2E00DD2A08 /* Frameworks */,
				4A8BB2352F2DDF2E00DD2A08 /* Resources */,
			);
			buildRules = (
			);
			dependencies = (
				4A8BB2392F2DDF2E00DD2A08 /* PBXTargetDependency */,
			);
			fileSystemSynchronizedGroups = (
				4A8BB23A2F2DDF2E00DD2A08 /* AnonymousWallIosUITests */,
			);
			name = AnonymousWallIosUITests;
			packageProductDependencies = (
			);
			productName = AnonymousWallIosUITests;
			productReference = 4A8BB2372F2DDF2E00DD2A08 /* AnonymousWallIosUITests.xctest */;
			productType = "com.apple.product-type.bundle.ui-testing";
		};
/* End PBXNativeTarget section */

/* Begin PBXProject section */
		4A8BB2132F2DDF2C00DD2A08 /* Project object */ = {
			isa = PBXProject;
			attributes = {
				BuildIndependentTargetsInParallel = 1;
				LastSwiftUpdateCheck = 1620;
				LastUpgradeCheck = 1620;
				TargetAttributes = {
					4A8BB21A2F2DDF2C00DD2A08 = {
						CreatedOnToolsVersion = 16.2;
					};
					4A8BB22C2F2DDF2E00DD2A08 = {
						CreatedOnToolsVersion = 16.2;
						TestTargetID = 4A8BB21A2F2DDF2C00DD2A08;
					};
					4A8BB2362F2DDF2E00DD2A08 = {
						CreatedOnToolsVersion = 16.2;
						TestTargetID = 4A8BB21A2F2DDF2C00DD2A08;
					};
				};
			};
			buildConfigurationList = 4A8BB2162F2DDF2C00DD2A08 /* Build configuration list for PBXProject "AnonymousWallIos" */;
			developmentRegion = en;
			hasScannedForEncodings = 0;
			knownRegions = (
				en,
				Base,
			);
			mainGroup = 4A8BB2122F2DDF2C00DD2A08;
			minimizedProjectReferenceProxies = 1;
			preferredProjectObjectVersion = 77;
			productRefGroup = 4A8BB21C2F2DDF2C00DD2A08 /* Products */;
			projectDirPath = "";
			projectRoot = "";
			targets = (
				4A8BB21A2F2DDF2C00DD2A08 /* AnonymousWallIos */,
				4A8BB22C2F2DDF2E00DD2A08 /* AnonymousWallIosTests */,
				4A8BB2362F2DDF2E00DD2A08 /* AnonymousWallIosUITests */,
			);
		};
/* End PBXProject section */

/* Begin PBXResourcesBuildPhase section */
		4A8BB2192F2DDF2C00DD2A08 /* Resources */ = {
			isa = PBXResourcesBuildPhase;
			buildActionMask = 2147483647;
			files = (
			
				24F07C4387334D249A64BC17,
				24F07C4387334D249A64BC17,
				6328F8B12FE9463E84120149,
				6328F8B12FE9463E84120149,);
			runOnlyForDeploymentPostprocessing = 0;
		};
		4A8BB22B2F2DDF2E00DD2A08 /* Resources */ = {
			isa = PBXResourcesBuildPhase;
			buildActionMask = 2147483647;
			files = (
			);
			runOnlyForDeploymentPostprocessing = 0;
		};
		4A8BB2352F2DDF2E00DD2A08 /* Resources */ = {
			isa = PBXResourcesBuildPhase;
			buildActionMask = 2147483647;
			files = (
			);
			runOnlyForDeploymentPostprocessing = 0;
		};
/* End PBXResourcesBuildPhase section */

/* Begin PBXSourcesBuildPhase section */
		4A8BB2172F2DDF2C00DD2A08 /* Sources */ = {
			isa = PBXSourcesBuildPhase;
			buildActionMask = 2147483647;
			files = (
				1D20204075664DBDB555EF52,
				8CB9F954488749328AB72CB1,
				3B27DD8C04C946BBA820EA16,
				FD454F78F48E4E1A9ACDCC3E,
				8B093C7FEE1844838049EC3C,
				E178A81D1916BDC969905CAC,
				3B4C89173668470C9231DB40,
				7E88795289F3410FBE7F8EA2,
				AD279A6B8DB5400AA718BE5D,
				571883650DB94FDDAD392C53,
				7DEDAAAEE3F21C643FB17113,
				AF15FA38C1454F258DF6FE69,
				7834920BCCDA411D96FBB277,
				F12F96226BD44D7685F52AFA,
				91D85B6A81BE412099C6C6B5,
				FB188A2F619F433A9FC6EB5F,
				14AA7721757643D28E4E374C,
				19C82E23141648E888CAB099,
				4D1F15E325244527B8F4013E,
				9FC81EDEB9F64AC889358F6F,
				86E36EB37667448D8C2408DE,
				66C1BE86ABB64C4CA547BA0B,
				226AF2FF1296400A94CF4AAD,
				757F41CD2F734F0199914235,
				CAD4DEB24D214B44B6C141D5,
				E1811D2EE3D042ACB8611BD7,
				04A58DE2AC644241BACD93E1,
				DCB84C2290074EEDB8164997,
				BE4F4D7E19C643B1A1FB0605,
				CF9021BEF0674235BBA9D292,
				B38E4D52A8EA0635B03CC47E /* RetryPolicy.swift in Sources */,
				308B487BB8F1D8CA5D92B841 /* RetryUtility.swift in Sources */,);
			runOnlyForDeploymentPostprocessing = 0;
		};
		4A8BB2292F2DDF2E00DD2A08 /* Sources */ = {
			isa = PBXSourcesBuildPhase;
			buildActionMask = 2147483647;
			files = (
				CF9021BEF0674235BBA9D292,
				24F07C4387334D249A64BC17,
				6328F8B12FE9463E84120149,
				3F54EDFE77FB042E0C1252D6 /* RetryIntegrationTests.swift in Sources */,);
			runOnlyForDeploymentPostprocessing = 0;
		};
		4A8BB2332F2DDF2E00DD2A08 /* Sources */ = {
			isa = PBXSourcesBuildPhase;
			buildActionMask = 2147483647;
			files = (
				CF9021BEF0674235BBA9D292,
			);
			runOnlyForDeploymentPostprocessing = 0;
		};
/* End PBXSourcesBuildPhase section */

/* Begin PBXTargetDependency section */
		4A8BB22F2F2DDF2E00DD2A08 /* PBXTargetDependency */ = {
			isa = PBXTargetDependency;
			target = 4A8BB21A2F2DDF2C00DD2A08 /* AnonymousWallIos */;
			targetProxy = 4A8BB22E2F2DDF2E00DD2A08 /* PBXContainerItemProxy */;
		};
		4A8BB2392F2DDF2E00DD2A08 /* PBXTargetDependency */ = {
			isa = PBXTargetDependency;
			target = 4A8BB21A2F2DDF2C00DD2A08 /* AnonymousWallIos */;
			targetProxy = 4A8BB2382F2DDF2E00DD2A08 /* PBXContainerItemProxy */;
		};
/* End PBXTargetDependency section */

/* Begin XCBuildConfiguration section */
		4A8BB23F2F2DDF2E00DD2A08 /* Debug */ = {
			isa = XCBuildConfiguration;
			buildSettings = {
				ALWAYS_SEARCH_USER_PATHS = NO;
				ASSETCATALOG_COMPILER_GENERATE_SWIFT_ASSET_SYMBOL_EXTENSIONS = YES;
				CLANG_ANALYZER_NONNULL = YES;
				CLANG_ANALYZER_NUMBER_OBJECT_CONVERSION = YES_AGGRESSIVE;
				CLANG_CXX_LANGUAGE_STANDARD = "gnu++20";
				CLANG_ENABLE_MODULES = YES;
				CLANG_ENABLE_OBJC_ARC = YES;
				CLANG_ENABLE_OBJC_WEAK = YES;
				CLANG_WARN_BLOCK_CAPTURE_AUTORELEASING = YES;
				CLANG_WARN_BOOL_CONVERSION = YES;
				CLANG_WARN_COMMA = YES;
				CLANG_WARN_CONSTANT_CONVERSION = YES;
				CLANG_WARN_DEPRECATED_OBJC_IMPLEMENTATIONS = YES;
				CLANG_WARN_DIRECT_OBJC_ISA_USAGE = YES_ERROR;
				CLANG_WARN_DOCUMENTATION_COMMENTS = YES;
				CLANG_WARN_EMPTY_BODY = YES;
				CLANG_WARN_ENUM_CONVERSION = YES;
				CLANG_WARN_INFINITE_RECURSION = YES;
				CLANG_WARN_INT_CONVERSION = YES;
				CLANG_WARN_NON_LITERAL_NULL_CONVERSION = YES;
				CLANG_WARN_OBJC_IMPLICIT_RETAIN_SELF = YES;
				CLANG_WARN_OBJC_LITERAL_CONVERSION = YES;
				CLANG_WARN_OBJC_ROOT_CLASS = YES_ERROR;
				CLANG_WARN_QUOTED_INCLUDE_IN_FRAMEWORK_HEADER = YES;
				CLANG_WARN_RANGE_LOOP_ANALYSIS = YES;
				CLANG_WARN_STRICT_PROTOTYPES = YES;
				CLANG_WARN_SUSPICIOUS_MOVE = YES;
				CLANG_WARN_UNGUARDED_AVAILABILITY = YES_AGGRESSIVE;
				CLANG_WARN_UNREACHABLE_CODE = YES;
				CLANG_WARN__DUPLICATE_METHOD_MATCH = YES;
				COPY_PHASE_STRIP = NO;
				DEBUG_INFORMATION_FORMAT = dwarf;
				ENABLE_STRICT_OBJC_MSGSEND = YES;
				ENABLE_TESTABILITY = YES;
				ENABLE_USER_SCRIPT_SANDBOXING = YES;
				GCC_C_LANGUAGE_STANDARD = gnu17;
				GCC_DYNAMIC_NO_PIC = NO;
				GCC_NO_COMMON_BLOCKS = YES;
				GCC_OPTIMIZATION_LEVEL = 0;
				GCC_PREPROCESSOR_DEFINITIONS = (
					"DEBUG=1",
					"$(inherited)",
				);
				GCC_WARN_64_TO_32_BIT_CONVERSION = YES;
				GCC_WARN_ABOUT_RETURN_TYPE = YES_ERROR;
				GCC_WARN_UNDECLARED_SELECTOR = YES;
				GCC_WARN_UNINITIALIZED_AUTOS = YES_AGGRESSIVE;
				GCC_WARN_UNUSED_FUNCTION = YES;
				GCC_WARN_UNUSED_VARIABLE = YES;
				IPHONEOS_DEPLOYMENT_TARGET = 18.2;
				LOCALIZATION_PREFERS_STRING_CATALOGS = YES;
				MTL_ENABLE_DEBUG_INFO = INCLUDE_SOURCE;
				MTL_FAST_MATH = YES;
				ONLY_ACTIVE_ARCH = YES;
				SDKROOT = iphoneos;
				SWIFT_ACTIVE_COMPILATION_CONDITIONS = "DEBUG $(inherited)";
				SWIFT_OPTIMIZATION_LEVEL = "-Onone";
			};
			name = Debug;
		};
		4A8BB2402F2DDF2E00DD2A08 /* Release */ = {
			isa = XCBuildConfiguration;
			buildSettings = {
				ALWAYS_SEARCH_USER_PATHS = NO;
				ASSETCATALOG_COMPILER_GENERATE_SWIFT_ASSET_SYMBOL_EXTENSIONS = YES;
				CLANG_ANALYZER_NONNULL = YES;
				CLANG_ANALYZER_NUMBER_OBJECT_CONVERSION = YES_AGGRESSIVE;
				CLANG_CXX_LANGUAGE_STANDARD = "gnu++20";
				CLANG_ENABLE_MODULES = YES;
				CLANG_ENABLE_OBJC_ARC = YES;
				CLANG_ENABLE_OBJC_WEAK = YES;
				CLANG_WARN_BLOCK_CAPTURE_AUTORELEASING = YES;
				CLANG_WARN_BOOL_CONVERSION = YES;
				CLANG_WARN_COMMA = YES;
				CLANG_WARN_CONSTANT_CONVERSION = YES;
				CLANG_WARN_DEPRECATED_OBJC_IMPLEMENTATIONS = YES;
				CLANG_WARN_DIRECT_OBJC_ISA_USAGE = YES_ERROR;
				CLANG_WARN_DOCUMENTATION_COMMENTS = YES;
				CLANG_WARN_EMPTY_BODY = YES;
				CLANG_WARN_ENUM_CONVERSION = YES;
				CLANG_WARN_INFINITE_RECURSION = YES;
				CLANG_WARN_INT_CONVERSION = YES;
				CLANG_WARN_NON_LITERAL_NULL_CONVERSION = YES;
				CLANG_WARN_OBJC_IMPLICIT_RETAIN_SELF = YES;
				CLANG_WARN_OBJC_LITERAL_CONVERSION = YES;
				CLANG_WARN_OBJC_ROOT_CLASS = YES_ERROR;
				CLANG_WARN_QUOTED_INCLUDE_IN_FRAMEWORK_HEADER = YES;
				CLANG_WARN_RANGE_LOOP_ANALYSIS = YES;
				CLANG_WARN_STRICT_PROTOTYPES = YES;
				CLANG_WARN_SUSPICIOUS_MOVE = YES;
				CLANG_WARN_UNGUARDED_AVAILABILITY = YES_AGGRESSIVE;
				CLANG_WARN_UNREACHABLE_CODE = YES;
				CLANG_WARN__DUPLICATE_METHOD_MATCH = YES;
				COPY_PHASE_STRIP = NO;
				DEBUG_INFORMATION_FORMAT = "dwarf-with-dsym";
				ENABLE_NS_ASSERTIONS = NO;
				ENABLE_STRICT_OBJC_MSGSEND = YES;
				ENABLE_USER_SCRIPT_SANDBOXING = YES;
				GCC_C_LANGUAGE_STANDARD = gnu17;
				GCC_NO_COMMON_BLOCKS = YES;
				GCC_WARN_64_TO_32_BIT_CONVERSION = YES;
				GCC_WARN_ABOUT_RETURN_TYPE = YES_ERROR;
				GCC_WARN_UNDECLARED_SELECTOR = YES;
				GCC_WARN_UNINITIALIZED_AUTOS = YES_AGGRESSIVE;
				GCC_WARN_UNUSED_FUNCTION = YES;
				GCC_WARN_UNUSED_VARIABLE = YES;
				IPHONEOS_DEPLOYMENT_TARGET = 18.2;
				LOCALIZATION_PREFERS_STRING_CATALOGS = YES;
				MTL_ENABLE_DEBUG_INFO = NO;
				MTL_FAST_MATH = YES;
				SDKROOT = iphoneos;
				SWIFT_COMPILATION_MODE = wholemodule;
				VALIDATE_PRODUCT = YES;
			};
			name = Release;
		};
		4A8BB2422F2DDF2E00DD2A08 /* Debug */ = {
			isa = XCBuildConfiguration;
			buildSettings = {
				ASSETCATALOG_COMPILER_APPICON_NAME = AppIcon;
				ASSETCATALOG_COMPILER_GLOBAL_ACCENT_COLOR_NAME = AccentColor;
				CODE_SIGN_STYLE = Automatic;
				CURRENT_PROJECT_VERSION = 1;
				DEVELOPMENT_ASSET_PATHS = "\"AnonymousWallIos/Preview Content\"";
				ENABLE_PREVIEWS = YES;
				GENERATE_INFOPLIST_FILE = YES;
				INFOPLIST_KEY_CFBundleDisplayName = Anonymous;
				INFOPLIST_KEY_LSApplicationCategoryType = "public.app-category.social-networking";
				INFOPLIST_KEY_UIApplicationSceneManifest_Generation = YES;
				INFOPLIST_KEY_UIApplicationSupportsIndirectInputEvents = YES;
				INFOPLIST_KEY_UILaunchScreen_Generation = YES;
				INFOPLIST_KEY_UISupportedInterfaceOrientations_iPad = "UIInterfaceOrientationPortrait UIInterfaceOrientationPortraitUpsideDown UIInterfaceOrientationLandscapeLeft UIInterfaceOrientationLandscapeRight";
				INFOPLIST_KEY_UISupportedInterfaceOrientations_iPhone = "UIInterfaceOrientationPortrait UIInterfaceOrientationLandscapeLeft UIInterfaceOrientationLandscapeRight";
				IPHONEOS_DEPLOYMENT_TARGET = 17.6;
				LD_RUNPATH_SEARCH_PATHS = (
					"$(inherited)",
					"@executable_path/Frameworks",
				);
				MARKETING_VERSION = 1.0;
				PRODUCT_BUNDLE_IDENTIFIER = com.anonymouswall.AnonymousWallIos;
				PRODUCT_NAME = "$(TARGET_NAME)";
				SUPPORTED_PLATFORMS = "iphoneos iphonesimulator";
				SUPPORTS_MACCATALYST = NO;
				SUPPORTS_MAC_DESIGNED_FOR_IPHONE_IPAD = NO;
				SUPPORTS_XR_DESIGNED_FOR_IPHONE_IPAD = NO;
				SWIFT_EMIT_LOC_STRINGS = YES;
				SWIFT_VERSION = 5.0;
				TARGETED_DEVICE_FAMILY = 1;
			};
			name = Debug;
		};
		4A8BB2432F2DDF2E00DD2A08 /* Release */ = {
			isa = XCBuildConfiguration;
			buildSettings = {
				ASSETCATALOG_COMPILER_APPICON_NAME = AppIcon;
				ASSETCATALOG_COMPILER_GLOBAL_ACCENT_COLOR_NAME = AccentColor;
				CODE_SIGN_STYLE = Automatic;
				CURRENT_PROJECT_VERSION = 1;
				DEVELOPMENT_ASSET_PATHS = "\"AnonymousWallIos/Preview Content\"";
				ENABLE_PREVIEWS = YES;
				GENERATE_INFOPLIST_FILE = YES;
				INFOPLIST_KEY_CFBundleDisplayName = Anonymous;
				INFOPLIST_KEY_LSApplicationCategoryType = "public.app-category.social-networking";
				INFOPLIST_KEY_UIApplicationSceneManifest_Generation = YES;
				INFOPLIST_KEY_UIApplicationSupportsIndirectInputEvents = YES;
				INFOPLIST_KEY_UILaunchScreen_Generation = YES;
				INFOPLIST_KEY_UISupportedInterfaceOrientations_iPad = "UIInterfaceOrientationPortrait UIInterfaceOrientationPortraitUpsideDown UIInterfaceOrientationLandscapeLeft UIInterfaceOrientationLandscapeRight";
				INFOPLIST_KEY_UISupportedInterfaceOrientations_iPhone = "UIInterfaceOrientationPortrait UIInterfaceOrientationLandscapeLeft UIInterfaceOrientationLandscapeRight";
				IPHONEOS_DEPLOYMENT_TARGET = 17.6;
				LD_RUNPATH_SEARCH_PATHS = (
					"$(inherited)",
					"@executable_path/Frameworks",
				);
				MARKETING_VERSION = 1.0;
				PRODUCT_BUNDLE_IDENTIFIER = com.anonymouswall.AnonymousWallIos;
				PRODUCT_NAME = "$(TARGET_NAME)";
				SUPPORTED_PLATFORMS = "iphoneos iphonesimulator";
				SUPPORTS_MACCATALYST = NO;
				SUPPORTS_MAC_DESIGNED_FOR_IPHONE_IPAD = NO;
				SUPPORTS_XR_DESIGNED_FOR_IPHONE_IPAD = NO;
				SWIFT_EMIT_LOC_STRINGS = YES;
				SWIFT_VERSION = 5.0;
				TARGETED_DEVICE_FAMILY = 1;
			};
			name = Release;
		};
		4A8BB2452F2DDF2E00DD2A08 /* Debug */ = {
			isa = XCBuildConfiguration;
			buildSettings = {
				BUNDLE_LOADER = "$(TEST_HOST)";
				CODE_SIGN_STYLE = Automatic;
				CURRENT_PROJECT_VERSION = 1;
				GENERATE_INFOPLIST_FILE = YES;
				IPHONEOS_DEPLOYMENT_TARGET = 18.2;
				MARKETING_VERSION = 1.0;
				PRODUCT_BUNDLE_IDENTIFIER = com.anonymouswall.AnonymousWallIosTests;
				PRODUCT_NAME = "$(TARGET_NAME)";
				SWIFT_EMIT_LOC_STRINGS = NO;
				SWIFT_VERSION = 5.0;
				TARGETED_DEVICE_FAMILY = "1,2";
				TEST_HOST = "$(BUILT_PRODUCTS_DIR)/AnonymousWallIos.app/$(BUNDLE_EXECUTABLE_FOLDER_PATH)/AnonymousWallIos";
			};
			name = Debug;
		};
		4A8BB2462F2DDF2E00DD2A08 /* Release */ = {
			isa = XCBuildConfiguration;
			buildSettings = {
				BUNDLE_LOADER = "$(TEST_HOST)";
				CODE_SIGN_STYLE = Automatic;
				CURRENT_PROJECT_VERSION = 1;
				GENERATE_INFOPLIST_FILE = YES;
				IPHONEOS_DEPLOYMENT_TARGET = 18.2;
				MARKETING_VERSION = 1.0;
				PRODUCT_BUNDLE_IDENTIFIER = com.anonymouswall.AnonymousWallIosTests;
				PRODUCT_NAME = "$(TARGET_NAME)";
				SWIFT_EMIT_LOC_STRINGS = NO;
				SWIFT_VERSION = 5.0;
				TARGETED_DEVICE_FAMILY = "1,2";
				TEST_HOST = "$(BUILT_PRODUCTS_DIR)/AnonymousWallIos.app/$(BUNDLE_EXECUTABLE_FOLDER_PATH)/AnonymousWallIos";
			};
			name = Release;
		};
		4A8BB2482F2DDF2E00DD2A08 /* Debug */ = {
			isa = XCBuildConfiguration;
			buildSettings = {
				CODE_SIGN_STYLE = Automatic;
				CURRENT_PROJECT_VERSION = 1;
				GENERATE_INFOPLIST_FILE = YES;
				MARKETING_VERSION = 1.0;
				PRODUCT_BUNDLE_IDENTIFIER = com.anonymouswall.AnonymousWallIosUITests;
				PRODUCT_NAME = "$(TARGET_NAME)";
				SWIFT_EMIT_LOC_STRINGS = NO;
				SWIFT_VERSION = 5.0;
				TARGETED_DEVICE_FAMILY = "1,2";
				TEST_TARGET_NAME = AnonymousWallIos;
			};
			name = Debug;
		};
		4A8BB2492F2DDF2E00DD2A08 /* Release */ = {
			isa = XCBuildConfiguration;
			buildSettings = {
				CODE_SIGN_STYLE = Automatic;
				CURRENT_PROJECT_VERSION = 1;
				GENERATE_INFOPLIST_FILE = YES;
				MARKETING_VERSION = 1.0;
				PRODUCT_BUNDLE_IDENTIFIER = com.anonymouswall.AnonymousWallIosUITests;
				PRODUCT_NAME = "$(TARGET_NAME)";
				SWIFT_EMIT_LOC_STRINGS = NO;
				SWIFT_VERSION = 5.0;
				TARGETED_DEVICE_FAMILY = "1,2";
				TEST_TARGET_NAME = AnonymousWallIos;
			};
			name = Release;
		};
/* End XCBuildConfiguration section */

/* Begin XCConfigurationList section */
		4A8BB2162F2DDF2C00DD2A08 /* Build configuration list for PBXProject "AnonymousWallIos" */ = {
			isa = XCConfigurationList;
			buildConfigurations = (
				4A8BB23F2F2DDF2E00DD2A08 /* Debug */,
				4A8BB2402F2DDF2E00DD2A08 /* Release */,
			);
			defaultConfigurationIsVisible = 0;
			defaultConfigurationName = Release;
		};
		4A8BB2412F2DDF2E00DD2A08 /* Build configuration list for PBXNativeTarget "AnonymousWallIos" */ = {
			isa = XCConfigurationList;
			buildConfigurations = (
				4A8BB2422F2DDF2E00DD2A08 /* Debug */,
				4A8BB2432F2DDF2E00DD2A08 /* Release */,
			);
			defaultConfigurationIsVisible = 0;
			defaultConfigurationName = Release;
		};
		4A8BB2442F2DDF2E00DD2A08 /* Build configuration list for PBXNativeTarget "AnonymousWallIosTests" */ = {
			isa = XCConfigurationList;
			buildConfigurations = (
				4A8BB2452F2DDF2E00DD2A08 /* Debug */,
				4A8BB2462F2DDF2E00DD2A08 /* Release */,
			);
			defaultConfigurationIsVisible = 0;
			defaultConfigurationName = Release;
		};
		4A8BB2472F2DDF2E00DD2A08 /* Build configuration list for PBXNativeTarget "AnonymousWallIosUITests" */ = {
			isa = XCConfigurationList;
			buildConfigurations = (
				4A8BB2482F2DDF2E00DD2A08 /* Debug */,
				4A8BB2492F2DDF2E00DD2A08 /* Release */,
			);
			defaultConfigurationIsVisible = 0;
			defaultConfigurationName = Release;
		};
/* End XCConfigurationList section */
	};
	rootObject = 4A8BB2132F2DDF2C00DD2A08 /* Project object */;
}
